
Microsoft Visual Studio Solution File, Format Version 12.00
# Visual Studio Version 17
VisualStudioVersion = 17.9.34714.143
MinimumVisualStudioVersion = 10.0.40219.1
Project("{FAE04EC0-301F-11D3-BF4B-00C04F79EFBC}") = "Dodge", "Dodge\Dodge.csproj", "{A9446D19-37AD-4852-A7C1-AD23A712518C}"
EndProject
Global
	GlobalSection(SolutionConfigurationPlatforms) = preSolution
		Debug|Any CPU = Debug|Any CPU
		Release|Any CPU = Release|Any CPU
	EndGlobalSection
	GlobalSection(ProjectConfigurationPlatforms) = postSolution
		{A9446D19-37AD-4852-A7C1-AD23A712518C}.Debug|Any CPU.ActiveCfg = Debug|Any CPU
		{A9446D19-37AD-4852-A7C1-AD23A712518C}.Debug|Any CPU.Build.0 = Debug|Any CPU
		{A9446D19-37AD-4852-A7C1-AD23A712518C}.Release|Any CPU.ActiveCfg = Release|Any CPU
		{A9446D19-37AD-4852-A7C1-AD23A712518C}.Release|Any CPU.Build.0 = Release|Any CPU
	EndGlobalSection
	GlobalSection(SolutionProperties) = preSolution
		HideSolutionNode = FALSE
	EndGlobalSection
	GlobalSection(ExtensibilityGlobals) = postSolution
		SolutionGuid = {23D907A5-C5E9-4149-A9EC-91F1C31AC400}
	EndGlobalSection
EndGlobal
